Microsoft Visual Studio Solution File, Format Version 12.00
# Visual Studio Version 17
VisualStudioVersion = 17.5.2.0
MinimumVisualStudioVersion = 10.0.40219.1
Project("{FAE04EC0-301F-11D3-BF4B-00C04F79EFBC}") = "EczaneAPI", "EczaneAPI.csproj", "{2721490C-0488-FFAB-1392-E441998684BD}"
EndProject
Global
	GlobalSection(SolutionConfigurationPlatforms) = preSolution
		Debug|Any CPU = Debug|Any CPU
		Release|Any CPU = Release|Any CPU
	EndGlobalSection
	GlobalSection(ProjectConfigurationPlatforms) = postSolution
		{2721490C-0488-FFAB-1392-E441998684BD}.Debug|Any CPU.ActiveCfg = Debug|Any CPU
		{2721490C-0488-FFAB-1392-E441998684BD}.Debug|Any CPU.Build.0 = Debug|Any CPU
		{2721490C-0488-FFAB-1392-E441998684BD}.Release|Any CPU.ActiveCfg = Release|Any CPU
		{2721490C-0488-FFAB-1392-E441998684BD}.Release|Any CPU.Build.0 = Release|Any CPU
	EndGlobalSection
	GlobalSection(SolutionProperties) = preSolution
		HideSolutionNode = FALSE
	EndGlobalSection
	GlobalSection(ExtensibilityGlobals) = postSolution
		SolutionGuid = {149595A4-5B2F-4C53-80C0-2B21D7577253}
	EndGlobalSection
EndGlobal
